{
  "name": "node-audit-action-tools",
  "lockfileVersion": 3,
  "requires": true,
  "packages": {
    "": {
      "name": "node-audit-action-tools",
      "license": "Apache-2.0",
      "dependencies": {
        "corepack": "0.34.7",
        "yaml": "2.9.1"
      }
    },
    "node_modules/corepack": {
      "version": "0.34.7",
      "resolved": "https://registry.npmjs.org/corepack/-/corepack-0.34.7.tgz",
      "integrity": "sha512-d5OLuTNh4zeJK8+u+G10KScqrnHKNNm6NvR4XO28FZyBFMGE60SNCrBetJLyKR9H1xGCG6U2LyswsyPNdO6kxw==",
      "license": "MIT",
      "bin": {
        "corepack": "dist/corepack.js",
        "pnpm": "dist/pnpm.js",
        "pnpx": "dist/pnpx.js",
        "yarn": "dist/yarn.js",
        "yarnpkg": "dist/yarnpkg.js"
      },
      "engines": {
        "node": "^20.10.0 || ^22.11.0 || >=24.0.0"
      }
    },
    "node_modules/yaml": {
      "version": "2.9.1",
      "resolved": "https://registry.npmjs.org/yaml/-/yaml-2.9.1.tgz",
      "integrity": "sha512-3NxN8+78OdzbT7C/WjGsyfPAtJaN3FNDsWxv7Y7mcDsT/oOmgW8BpyQQFFBnvZE3j9Y2Sdz1ULFLezL7Eb2yFw==",
      "license": "ISC",
      "bin": {
        "yaml": "bin.mjs"
      },
      "engines": {
        "node": ">= 14.6"
      },
      "funding": {
        "url": "https://github.com/sponsors/eemeli"
      }
    }
  }
}
